// !$*UTF8*$!
{
	archiveVersion = 1;
	classes = {
	};
	objectVersion = 52;
	objects = {

/* Begin PBXBuildFile section */
		DD2BD1A424E6F82C004B2060 /* ChecklistView.swift in Sources */ = {isa = PBXBuildFile; fileRef = DD2BD1A324E6F82C004B2060 /* ChecklistView.swift */; };
		DD2BD1A624E6F87A004B2060 /* ChecklistViewModel.swift in Sources */ = {isa = PBXBuildFile; fileRef = DD2BD1A524E6F87A004B2060 /* ChecklistViewModel.swift */; };
		DD2BD1AA24E937B0004B2060 /* ChecklistItemView.swift in Sources */ = {isa = PBXBuildFile; fileRef = DD2BD1A924E937B0004B2060 /* ChecklistItemView.swift */; };
		DD2BD1AC24E937C2004B2060 /* ChecklistItemViewModel.swift in Sources */ = {isa = PBXBuildFile; fileRef = DD2BD1AB24E937C2004B2060 /* ChecklistItemViewModel.swift */; };
		DD2BD1AF24E96A60004B2060 /* Array+Extension.swift in Sources */ = {isa = PBXBuildFile; fileRef = DD2BD1AE24E96A60004B2060 /* Array+Extension.swift */; };
		DD2BD1B124E96E76004B2060 /* DataSourceError.swift in Sources */ = {isa = PBXBuildFile; fileRef = DD2BD1B024E96E76004B2060 /* DataSourceError.swift */; };
		DD52A62524E19EF000A9A1FC /* AppDelegate.swift in Sources */ = {isa = PBXBuildFile; fileRef = DD52A62424E19EF000A9A1FC /* AppDelegate.swift */; };
		DD52A62724E19EF000A9A1FC /* SceneDelegate.swift in Sources */ = {isa = PBXBuildFile; fileRef = DD52A62624E19EF000A9A1FC /* SceneDelegate.swift */; };
		DD52A62A24E19EF000A9A1FC /* checklist.xcdatamodeld in Sources */ = {isa = PBXBuildFile; fileRef = DD52A62824E19EF000A9A1FC /* checklist.xcdatamodeld */; };
		DD52A62E24E19EF100A9A1FC /* Assets.xcassets in Resources */ = {isa = PBXBuildFile; fileRef = DD52A62D24E19EF100A9A1FC /* Assets.xcassets */; };
		DD52A63124E19EF100A9A1FC /* Preview Assets.xcassets in Resources */ = {isa = PBXBuildFile; fileRef = DD52A63024E19EF100A9A1FC /* Preview Assets.xcassets */; };
		DD52A63424E19EF100A9A1FC /* LaunchScreen.storyboard in Resources */ = {isa = PBXBuildFile; fileRef = DD52A63224E19EF100A9A1FC /* LaunchScreen.storyboard */; };
		DD52A63F24E19EF100A9A1FC /* checklistTests.swift in Sources */ = {isa = PBXBuildFile; fileRef = DD52A63E24E19EF100A9A1FC /* checklistTests.swift */; };
		DD52A64C24E1A00200A9A1FC /* DashboardViewModel.swift in Sources */ = {isa = PBXBuildFile; fileRef = DD52A64B24E1A00200A9A1FC /* DashboardViewModel.swift */; };
		DD52A64F24E1A1CD00A9A1FC /* SwinjectAutoregistration in Frameworks */ = {isa = PBXBuildFile; productRef = DD52A64E24E1A1CD00A9A1FC /* SwinjectAutoregistration */; };
		DD52A65224E1A20800A9A1FC /* AppContext.swift in Sources */ = {isa = PBXBuildFile; fileRef = DD52A65124E1A20800A9A1FC /* AppContext.swift */; };
		DD52A65424E1A35400A9A1FC /* ViewModelAssembly.swift in Sources */ = {isa = PBXBuildFile; fileRef = DD52A65324E1A35400A9A1FC /* ViewModelAssembly.swift */; };
		DD52A65724E1BB2800A9A1FC /* ChecklistDataModel.swift in Sources */ = {isa = PBXBuildFile; fileRef = DD52A65624E1BB2800A9A1FC /* ChecklistDataModel.swift */; };
		DD52A65924E1BC0800A9A1FC /* ChecklistItemDataModel.swift in Sources */ = {isa = PBXBuildFile; fileRef = DD52A65824E1BC0800A9A1FC /* ChecklistItemDataModel.swift */; };
		DD52A65C24E1BCE400A9A1FC /* ChecklistDataSource.swift in Sources */ = {isa = PBXBuildFile; fileRef = DD52A65B24E1BCE400A9A1FC /* ChecklistDataSource.swift */; };
		DD52A66224E1C05C00A9A1FC /* MockChecklistDataSource.swift in Sources */ = {isa = PBXBuildFile; fileRef = DD52A66124E1C05C00A9A1FC /* MockChecklistDataSource.swift */; };
		DD52A66424E1C34100A9A1FC /* DataSourceAssembly.swift in Sources */ = {isa = PBXBuildFile; fileRef = DD52A66324E1C34100A9A1FC /* DataSourceAssembly.swift */; };
		DD52A66624E1D08C00A9A1FC /* DashboardView.swift in Sources */ = {isa = PBXBuildFile; fileRef = DD52A66524E1D08C00A9A1FC /* DashboardView.swift */; };
		DD727A4924F271E1004089B6 /* SettingsView.swift in Sources */ = {isa = PBXBuildFile; fileRef = DD727A4824F271E1004089B6 /* SettingsView.swift */; };
		DD727A4D24F2722A004089B6 /* SettingsViewModel.swift in Sources */ = {isa = PBXBuildFile; fileRef = DD727A4C24F2722A004089B6 /* SettingsViewModel.swift */; };
		DD727A5024F272D7004089B6 /* DashboardActionSheet.swift in Sources */ = {isa = PBXBuildFile; fileRef = DD727A4F24F272D7004089B6 /* DashboardActionSheet.swift */; };
		DD727A5224F27300004089B6 /* DashboardNavigation.swift in Sources */ = {isa = PBXBuildFile; fileRef = DD727A5124F27300004089B6 /* DashboardNavigation.swift */; };
		DD727A5424F2730F004089B6 /* DashboardAlert.swift in Sources */ = {isa = PBXBuildFile; fileRef = DD727A5324F2730F004089B6 /* DashboardAlert.swift */; };
		DD7AF2A924EDB4160051CD16 /* CreateChecklistViewModel.swift in Sources */ = {isa = PBXBuildFile; fileRef = DD7AF2A824EDB4160051CD16 /* CreateChecklistViewModel.swift */; };
		DD7AF2AB24EDB5D00051CD16 /* TypeAliases.swift in Sources */ = {isa = PBXBuildFile; fileRef = DD7AF2AA24EDB5D00051CD16 /* TypeAliases.swift */; };
		DD7AF2AE24EDB7280051CD16 /* NameYourChecklistView.swift in Sources */ = {isa = PBXBuildFile; fileRef = DD7AF2AD24EDB7280051CD16 /* NameYourChecklistView.swift */; };
		DD7AF2B024EDB8110051CD16 /* CreateChecklistView.swift in Sources */ = {isa = PBXBuildFile; fileRef = DD7AF2AF24EDB8110051CD16 /* CreateChecklistView.swift */; };
		DD7AF2B224EDC9C60051CD16 /* AddItemsToChecklistView.swift in Sources */ = {isa = PBXBuildFile; fileRef = DD7AF2B124EDC9C60051CD16 /* AddItemsToChecklistView.swift */; };
		DD7AF2B424EDCED90051CD16 /* UIApplication+Extension.swift in Sources */ = {isa = PBXBuildFile; fileRef = DD7AF2B324EDCED90051CD16 /* UIApplication+Extension.swift */; };
		DD90241124FB79F30084CDDC /* SettingsNavigation.swift in Sources */ = {isa = PBXBuildFile; fileRef = DD90241024FB79F30084CDDC /* SettingsNavigation.swift */; };
		DD90241324FB7A4C0084CDDC /* MyTemplatesView.swift in Sources */ = {isa = PBXBuildFile; fileRef = DD90241224FB7A4C0084CDDC /* MyTemplatesView.swift */; };
		DD90241524FB7A6F0084CDDC /* MyTemplatesViewModel.swift in Sources */ = {isa = PBXBuildFile; fileRef = DD90241424FB7A6F0084CDDC /* MyTemplatesViewModel.swift */; };
		DD90241724FB7D590084CDDC /* TemplateDataSource.swift in Sources */ = {isa = PBXBuildFile; fileRef = DD90241624FB7D590084CDDC /* TemplateDataSource.swift */; };
		DD90241924FB7DCD0084CDDC /* TemplateDataModel.swift in Sources */ = {isa = PBXBuildFile; fileRef = DD90241824FB7DCD0084CDDC /* TemplateDataModel.swift */; };
		DD90241B24FB7F9D0084CDDC /* MockTemplateDataSource.swift in Sources */ = {isa = PBXBuildFile; fileRef = DD90241A24FB7F9D0084CDDC /* MockTemplateDataSource.swift */; };
/* End PBXBuildFile section */

/* Begin PBXContainerItemProxy section */
		DD52A63B24E19EF100A9A1FC /* PBXContainerItemProxy */ = {
			isa = PBXContainerItemProxy;
			containerPortal = DD52A61924E19EF000A9A1FC /* Project object */;
			proxyType = 1;
			remoteGlobalIDString = DD52A62024E19EF000A9A1FC;
			remoteInfo = checklist;
		};
/* End PBXContainerItemProxy section */

/* Begin PBXFileReference section */
		DD2BD1A324E6F82C004B2060 /* ChecklistView.swift */ = {isa = PBXFileReference; lastKnownFileType = sourcecode.swift; path = ChecklistView.swift; sourceTree = "<group>"; };
		DD2BD1A524E6F87A004B2060 /* ChecklistViewModel.swift */ = {isa = PBXFileReference; lastKnownFileType = sourcecode.swift; path = ChecklistViewModel.swift; sourceTree = "<group>"; };
		DD2BD1A924E937B0004B2060 /* ChecklistItemView.swift */ = {isa = PBXFileReference; lastKnownFileType = sourcecode.swift; path = ChecklistItemView.swift; sourceTree = "<group>"; };
		DD2BD1AB24E937C2004B2060 /* ChecklistItemViewModel.swift */ = {isa = PBXFileReference; lastKnownFileType = sourcecode.swift; path = ChecklistItemViewModel.swift; sourceTree = "<group>"; };
		DD2BD1AE24E96A60004B2060 /* Array+Extension.swift */ = {isa = PBXFileReference; lastKnownFileType = sourcecode.swift; path = "Array+Extension.swift"; sourceTree = "<group>"; };
		DD2BD1B024E96E76004B2060 /* DataSourceError.swift */ = {isa = PBXFileReference; lastKnownFileType = sourcecode.swift; path = DataSourceError.swift; sourceTree = "<group>"; };
		DD52A62124E19EF000A9A1FC /* checklist.app */ = {isa = PBXFileReference; explicitFileType = wrapper.application; includeInIndex = 0; path = checklist.app; sourceTree = BUILT_PRODUCTS_DIR; };
		DD52A62424E19EF000A9A1FC /* AppDelegate.swift */ = {isa = PBXFileReference; lastKnownFileType = sourcecode.swift; path = AppDelegate.swift; sourceTree = "<group>"; };
		DD52A62624E19EF000A9A1FC /* SceneDelegate.swift */ = {isa = PBXFileReference; lastKnownFileType = sourcecode.swift; path = SceneDelegate.swift; sourceTree = "<group>"; };
		DD52A62924E19EF000A9A1FC /* checklist.xcdatamodel */ = {isa = PBXFileReference; lastKnownFileType = wrapper.xcdatamodel; path = checklist.xcdatamodel; sourceTree = "<group>"; };
		DD52A62D24E19EF100A9A1FC /* Assets.xcassets */ = {isa = PBXFileReference; lastKnownFileType = folder.assetcatalog; path = Assets.xcassets; sourceTree = "<group>"; };
		DD52A63024E19EF100A9A1FC /* Preview Assets.xcassets */ = {isa = PBXFileReference; lastKnownFileType = folder.assetcatalog; path = "Preview Assets.xcassets"; sourceTree = "<group>"; };
		DD52A63324E19EF100A9A1FC /* Base */ = {isa = PBXFileReference; lastKnownFileType = file.storyboard; name = Base; path = Base.lproj/LaunchScreen.storyboard; sourceTree = "<group>"; };
		DD52A63524E19EF100A9A1FC /* Info.plist */ = {isa = PBXFileReference; lastKnownFileType = text.plist.xml; path = Info.plist; sourceTree = "<group>"; };
		DD52A63A24E19EF100A9A1FC /* checklistTests.xctest */ = {isa = PBXFileReference; explicitFileType = wrapper.cfbundle; includeInIndex = 0; path = checklistTests.xctest; sourceTree = BUILT_PRODUCTS_DIR; };
		DD52A63E24E19EF100A9A1FC /* checklistTests.swift */ = {isa = PBXFileReference; lastKnownFileType = sourcecode.swift; path = checklistTests.swift; sourceTree = "<group>"; };
		DD52A64024E19EF100A9A1FC /* Info.plist */ = {isa = PBXFileReference; lastKnownFileType = text.plist.xml; path = Info.plist; sourceTree = "<group>"; };
		DD52A64B24E1A00200A9A1FC /* DashboardViewModel.swift */ = {isa = PBXFileReference; lastKnownFileType = sourcecode.swift; path = DashboardViewModel.swift; sourceTree = "<group>"; };
		DD52A65124E1A20800A9A1FC /* AppContext.swift */ = {isa = PBXFileReference; lastKnownFileType = sourcecode.swift; path = AppContext.swift; sourceTree = "<group>"; };
		DD52A65324E1A35400A9A1FC /* ViewModelAssembly.swift */ = {isa = PBXFileReference; lastKnownFileType = sourcecode.swift; path = ViewModelAssembly.swift; sourceTree = "<group>"; };
		DD52A65624E1BB2800A9A1FC /* ChecklistDataModel.swift */ = {isa = PBXFileReference; lastKnownFileType = sourcecode.swift; path = ChecklistDataModel.swift; sourceTree = "<group>"; };
		DD52A65824E1BC0800A9A1FC /* ChecklistItemDataModel.swift */ = {isa = PBXFileReference; lastKnownFileType = sourcecode.swift; path = ChecklistItemDataModel.swift; sourceTree = "<group>"; };
		DD52A65B24E1BCE400A9A1FC /* ChecklistDataSource.swift */ = {isa = PBXFileReference; lastKnownFileType = sourcecode.swift; path = ChecklistDataSource.swift; sourceTree = "<group>"; };
		DD52A66124E1C05C00A9A1FC /* MockChecklistDataSource.swift */ = {isa = PBXFileReference; lastKnownFileType = sourcecode.swift; path = MockChecklistDataSource.swift; sourceTree = "<group>"; };
		DD52A66324E1C34100A9A1FC /* DataSourceAssembly.swift */ = {isa = PBXFileReference; lastKnownFileType = sourcecode.swift; path = DataSourceAssembly.swift; sourceTree = "<group>"; };
		DD52A66524E1D08C00A9A1FC /* DashboardView.swift */ = {isa = PBXFileReference; fileEncoding = 4; lastKnownFileType = sourcecode.swift; path = DashboardView.swift; sourceTree = "<group>"; };
		DD727A4824F271E1004089B6 /* SettingsView.swift */ = {isa = PBXFileReference; lastKnownFileType = sourcecode.swift; path = SettingsView.swift; sourceTree = "<group>"; };
		DD727A4C24F2722A004089B6 /* SettingsViewModel.swift */ = {isa = PBXFileReference; lastKnownFileType = sourcecode.swift; path = SettingsViewModel.swift; sourceTree = "<group>"; };
		DD727A4F24F272D7004089B6 /* DashboardActionSheet.swift */ = {isa = PBXFileReference; lastKnownFileType = sourcecode.swift; path = DashboardActionSheet.swift; sourceTree = "<group>"; };
		DD727A5124F27300004089B6 /* DashboardNavigation.swift */ = {isa = PBXFileReference; lastKnownFileType = sourcecode.swift; path = DashboardNavigation.swift; sourceTree = "<group>"; };
		DD727A5324F2730F004089B6 /* DashboardAlert.swift */ = {isa = PBXFileReference; lastKnownFileType = sourcecode.swift; path = DashboardAlert.swift; sourceTree = "<group>"; };
		DD7AF2A824EDB4160051CD16 /* CreateChecklistViewModel.swift */ = {isa = PBXFileReference; lastKnownFileType = sourcecode.swift; path = CreateChecklistViewModel.swift; sourceTree = "<group>"; };
		DD7AF2AA24EDB5D00051CD16 /* TypeAliases.swift */ = {isa = PBXFileReference; lastKnownFileType = sourcecode.swift; path = TypeAliases.swift; sourceTree = "<group>"; };
		DD7AF2AD24EDB7280051CD16 /* NameYourChecklistView.swift */ = {isa = PBXFileReference; lastKnownFileType = sourcecode.swift; path = NameYourChecklistView.swift; sourceTree = "<group>"; };
		DD7AF2AF24EDB8110051CD16 /* CreateChecklistView.swift */ = {isa = PBXFileReference; fileEncoding = 4; lastKnownFileType = sourcecode.swift; path = CreateChecklistView.swift; sourceTree = "<group>"; };
		DD7AF2B124EDC9C60051CD16 /* AddItemsToChecklistView.swift */ = {isa = PBXFileReference; lastKnownFileType = sourcecode.swift; path = AddItemsToChecklistView.swift; sourceTree = "<group>"; };
		DD7AF2B324EDCED90051CD16 /* UIApplication+Extension.swift */ = {isa = PBXFileReference; lastKnownFileType = sourcecode.swift; path = "UIApplication+Extension.swift"; sourceTree = "<group>"; };
		DD90241024FB79F30084CDDC /* SettingsNavigation.swift */ = {isa = PBXFileReference; lastKnownFileType = sourcecode.swift; path = SettingsNavigation.swift; sourceTree = "<group>"; };
		DD90241224FB7A4C0084CDDC /* MyTemplatesView.swift */ = {isa = PBXFileReference; lastKnownFileType = sourcecode.swift; path = MyTemplatesView.swift; sourceTree = "<group>"; };
		DD90241424FB7A6F0084CDDC /* MyTemplatesViewModel.swift */ = {isa = PBXFileReference; lastKnownFileType = sourcecode.swift; path = MyTemplatesViewModel.swift; sourceTree = "<group>"; };
		DD90241624FB7D590084CDDC /* TemplateDataSource.swift */ = {isa = PBXFileReference; lastKnownFileType = sourcecode.swift; path = TemplateDataSource.swift; sourceTree = "<group>"; };
		DD90241824FB7DCD0084CDDC /* TemplateDataModel.swift */ = {isa = PBXFileReference; lastKnownFileType = sourcecode.swift; path = TemplateDataModel.swift; sourceTree = "<group>"; };
		DD90241A24FB7F9D0084CDDC /* MockTemplateDataSource.swift */ = {isa = PBXFileReference; lastKnownFileType = sourcecode.swift; path = MockTemplateDataSource.swift; sourceTree = "<group>"; };
/* End PBXFileReference section */

/* Begin PBXFrameworksBuildPhase section */
		DD52A61E24E19EF000A9A1FC /* Frameworks */ = {
			isa = PBXFrameworksBuildPhase;
			buildActionMask = 2147483647;
			files = (
				DD52A64F24E1A1CD00A9A1FC /* SwinjectAutoregistration in Frameworks */,
			);
			runOnlyForDeploymentPostprocessing = 0;
		};
		DD52A63724E19EF100A9A1FC /* Frameworks */ = {
			isa = PBXFrameworksBuildPhase;
			buildActionMask = 2147483647;
			files = (
			);
			runOnlyForDeploymentPostprocessing = 0;
		};
/* End PBXFrameworksBuildPhase section */

/* Begin PBXGroup section */
		DD2BD1AD24E96A49004B2060 /* Extensions */ = {
			isa = PBXGroup;
			children = (
				DD2BD1AE24E96A60004B2060 /* Array+Extension.swift */,
				DD7AF2B324EDCED90051CD16 /* UIApplication+Extension.swift */,
			);
			path = Extensions;
			sourceTree = "<group>";
		};
		DD52A61824E19EF000A9A1FC = {
			isa = PBXGroup;
			children = (
				DD52A62324E19EF000A9A1FC /* checklist */,
				DD52A63D24E19EF100A9A1FC /* checklistTests */,
				DD52A62224E19EF000A9A1FC /* Products */,
			);
			sourceTree = "<group>";
		};
		DD52A62224E19EF000A9A1FC /* Products */ = {
			isa = PBXGroup;
			children = (
				DD52A62124E19EF000A9A1FC /* checklist.app */,
				DD52A63A24E19EF100A9A1FC /* checklistTests.xctest */,
			);
			name = Products;
			sourceTree = "<group>";
		};
		DD52A62324E19EF000A9A1FC /* checklist */ = {
			isa = PBXGroup;
			children = (
				DD52A63524E19EF100A9A1FC /* Info.plist */,
				DD52A65124E1A20800A9A1FC /* AppContext.swift */,
				DD52A62424E19EF000A9A1FC /* AppDelegate.swift */,
				DD52A62624E19EF000A9A1FC /* SceneDelegate.swift */,
				DD52A62D24E19EF100A9A1FC /* Assets.xcassets */,
				DD52A62824E19EF000A9A1FC /* checklist.xcdatamodeld */,
				DD52A63224E19EF100A9A1FC /* LaunchScreen.storyboard */,
				DD52A65524E1BB1B00A9A1FC /* DataModel */,
				DD2BD1AD24E96A49004B2060 /* Extensions */,
				DD52A65A24E1BCD700A9A1FC /* DataSource */,
				DD52A65024E1A1E200A9A1FC /* Infrastructure */,
				DD52A62F24E19EF100A9A1FC /* Preview Content */,
				DD52A64924E19FE400A9A1FC /* View */,
				DD52A64A24E19FF000A9A1FC /* ViewModel */,
			);
			path = checklist;
			sourceTree = "<group>";
		};
		DD52A62F24E19EF100A9A1FC /* Preview Content */ = {
			isa = PBXGroup;
			children = (
				DD52A63024E19EF100A9A1FC /* Preview Assets.xcassets */,
			);
			path = "Preview Content";
			sourceTree = "<group>";
		};
		DD52A63D24E19EF100A9A1FC /* checklistTests */ = {
			isa = PBXGroup;
			children = (
				DD52A63E24E19EF100A9A1FC /* checklistTests.swift */,
				DD52A64024E19EF100A9A1FC /* Info.plist */,
			);
			path = checklistTests;
			sourceTree = "<group>";
		};
		DD52A64924E19FE400A9A1FC /* View */ = {
			isa = PBXGroup;
			children = (
				DD7AF2AC24EDB68B0051CD16 /* CreateChecklist */,
				DD52A66524E1D08C00A9A1FC /* DashboardView.swift */,
				DD2BD1A324E6F82C004B2060 /* ChecklistView.swift */,
				DD2BD1A924E937B0004B2060 /* ChecklistItemView.swift */,
				DD727A4824F271E1004089B6 /* SettingsView.swift */,
				DD90241224FB7A4C0084CDDC /* MyTemplatesView.swift */,
			);
			path = View;
			sourceTree = "<group>";
		};
		DD52A64A24E19FF000A9A1FC /* ViewModel */ = {
			isa = PBXGroup;
			children = (
				DD727A4E24F272C4004089B6 /* Dashboard */,
				DD90240F24FB79D40084CDDC /* Settings */,
				DD52A65324E1A35400A9A1FC /* ViewModelAssembly.swift */,
				DD2BD1A524E6F87A004B2060 /* ChecklistViewModel.swift */,
				DD2BD1AB24E937C2004B2060 /* ChecklistItemViewModel.swift */,
				DD7AF2A824EDB4160051CD16 /* CreateChecklistViewModel.swift */,
				DD90241424FB7A6F0084CDDC /* MyTemplatesViewModel.swift */,
			);
			path = ViewModel;
			sourceTree = "<group>";
		};
		DD52A65024E1A1E200A9A1FC /* Infrastructure */ = {
			isa = PBXGroup;
			children = (
				DD7AF2AA24EDB5D00051CD16 /* TypeAliases.swift */,
			);
			path = Infrastructure;
			sourceTree = "<group>";
		};
		DD52A65524E1BB1B00A9A1FC /* DataModel */ = {
			isa = PBXGroup;
			children = (
				DD52A65624E1BB2800A9A1FC /* ChecklistDataModel.swift */,
				DD52A65824E1BC0800A9A1FC /* ChecklistItemDataModel.swift */,
				DD90241824FB7DCD0084CDDC /* TemplateDataModel.swift */,
			);
			path = DataModel;
			sourceTree = "<group>";
		};
		DD52A65A24E1BCD700A9A1FC /* DataSource */ = {
			isa = PBXGroup;
			children = (
				DD52A66024E1C04A00A9A1FC /* Mock */,
				DD52A66324E1C34100A9A1FC /* DataSourceAssembly.swift */,
				DD52A65B24E1BCE400A9A1FC /* ChecklistDataSource.swift */,
				DD90241624FB7D590084CDDC /* TemplateDataSource.swift */,
				DD2BD1B024E96E76004B2060 /* DataSourceError.swift */,
			);
			path = DataSource;
			sourceTree = "<group>";
		};
		DD52A66024E1C04A00A9A1FC /* Mock */ = {
			isa = PBXGroup;
			children = (
				DD52A66124E1C05C00A9A1FC /* MockChecklistDataSource.swift */,
				DD90241A24FB7F9D0084CDDC /* MockTemplateDataSource.swift */,
			);
			path = Mock;
			sourceTree = "<group>";
		};
		DD727A4E24F272C4004089B6 /* Dashboard */ = {
			isa = PBXGroup;
			children = (
				DD52A64B24E1A00200A9A1FC /* DashboardViewModel.swift */,
				DD727A4F24F272D7004089B6 /* DashboardActionSheet.swift */,
				DD727A5124F27300004089B6 /* DashboardNavigation.swift */,
				DD727A5324F2730F004089B6 /* DashboardAlert.swift */,
			);
			path = Dashboard;
			sourceTree = "<group>";
		};
		DD7AF2AC24EDB68B0051CD16 /* CreateChecklist */ = {
			isa = PBXGroup;
			children = (
				DD7AF2AF24EDB8110051CD16 /* CreateChecklistView.swift */,
				DD7AF2AD24EDB7280051CD16 /* NameYourChecklistView.swift */,
				DD7AF2B124EDC9C60051CD16 /* AddItemsToChecklistView.swift */,
			);
			path = CreateChecklist;
			sourceTree = "<group>";
		};
		DD90240F24FB79D40084CDDC /* Settings */ = {
			isa = PBXGroup;
			children = (
				DD90241024FB79F30084CDDC /* SettingsNavigation.swift */,
				DD727A4C24F2722A004089B6 /* SettingsViewModel.swift */,
			);
			path = Settings;
			sourceTree = "<group>";
		};
/* End PBXGroup section */

/* Begin PBXNativeTarget section */
		DD52A62024E19EF000A9A1FC /* checklist */ = {
			isa = PBXNativeTarget;
			buildConfigurationList = DD52A64324E19EF100A9A1FC /* Build configuration list for PBXNativeTarget "checklist" */;
			buildPhases = (
				DD52A61D24E19EF000A9A1FC /* Sources */,
				DD52A61E24E19EF000A9A1FC /* Frameworks */,
				DD52A61F24E19EF000A9A1FC /* Resources */,
			);
			buildRules = (
			);
			dependencies = (
			);
			name = checklist;
			packageProductDependencies = (
				DD52A64E24E1A1CD00A9A1FC /* SwinjectAutoregistration */,
			);
			productName = checklist;
			productReference = DD52A62124E19EF000A9A1FC /* checklist.app */;
			productType = "com.apple.product-type.application";
		};
		DD52A63924E19EF100A9A1FC /* checklistTests */ = {
			isa = PBXNativeTarget;
			buildConfigurationList = DD52A64624E19EF100A9A1FC /* Build configuration list for PBXNativeTarget "checklistTests" */;
			buildPhases = (
				DD52A63624E19EF100A9A1FC /* Sources */,
				DD52A63724E19EF100A9A1FC /* Frameworks */,
				DD52A63824E19EF100A9A1FC /* Resources */,
			);
			buildRules = (
			);
			dependencies = (
				DD52A63C24E19EF100A9A1FC /* PBXTargetDependency */,
			);
			name = checklistTests;
			productName = checklistTests;
			productReference = DD52A63A24E19EF100A9A1FC /* checklistTests.xctest */;
			productType = "com.apple.product-type.bundle.unit-test";
		};
/* End PBXNativeTarget section */

/* Begin PBXProject section */
		DD52A61924E19EF000A9A1FC /* Project object */ = {
			isa = PBXProject;
			attributes = {
				LastSwiftUpdateCheck = 1160;
				LastUpgradeCheck = 1160;
				ORGANIZATIONNAME = "Róbert Konczi";
				TargetAttributes = {
					DD52A62024E19EF000A9A1FC = {
						CreatedOnToolsVersion = 11.6;
					};
					DD52A63924E19EF100A9A1FC = {
						CreatedOnToolsVersion = 11.6;
						TestTargetID = DD52A62024E19EF000A9A1FC;
					};
				};
			};
			buildConfigurationList = DD52A61C24E19EF000A9A1FC /* Build configuration list for PBXProject "checklist" */;
			compatibilityVersion = "Xcode 9.3";
			developmentRegion = en;
			hasScannedForEncodings = 0;
			knownRegions = (
				en,
				Base,
			);
			mainGroup = DD52A61824E19EF000A9A1FC;
			packageReferences = (
				DD52A64D24E1A1CD00A9A1FC /* XCRemoteSwiftPackageReference "SwinjectAutoregistration" */,
			);
			productRefGroup = DD52A62224E19EF000A9A1FC /* Products */;
			projectDirPath = "";
			projectRoot = "";
			targets = (
				DD52A62024E19EF000A9A1FC /* checklist */,
				DD52A63924E19EF100A9A1FC /* checklistTests */,
			);
		};
/* End PBXProject section */

/* Begin PBXResourcesBuildPhase section */
		DD52A61F24E19EF000A9A1FC /* Resources */ = {
			isa = PBXResourcesBuildPhase;
			buildActionMask = 2147483647;
			files = (
				DD52A63424E19EF100A9A1FC /* LaunchScreen.storyboard in Resources */,
				DD52A63124E19EF100A9A1FC /* Preview Assets.xcassets in Resources */,
				DD52A62E24E19EF100A9A1FC /* Assets.xcassets in Resources */,
			);
			runOnlyForDeploymentPostprocessing = 0;
		};
		DD52A63824E19EF100A9A1FC /* Resources */ = {
			isa = PBXResourcesBuildPhase;
			buildActionMask = 2147483647;
			files = (
			);
			runOnlyForDeploymentPostprocessing = 0;
		};
/* End PBXResourcesBuildPhase section */

/* Begin PBXSourcesBuildPhase section */
		DD52A61D24E19EF000A9A1FC /* Sources */ = {
			isa = PBXSourcesBuildPhase;
			buildActionMask = 2147483647;
			files = (
				DD90241324FB7A4C0084CDDC /* MyTemplatesView.swift in Sources */,
				DD52A66224E1C05C00A9A1FC /* MockChecklistDataSource.swift in Sources */,
				DD2BD1B124E96E76004B2060 /* DataSourceError.swift in Sources */,
				DD90241724FB7D590084CDDC /* TemplateDataSource.swift in Sources */,
				DD52A66624E1D08C00A9A1FC /* DashboardView.swift in Sources */,
				DD52A65724E1BB2800A9A1FC /* ChecklistDataModel.swift in Sources */,
				DD2BD1A624E6F87A004B2060 /* ChecklistViewModel.swift in Sources */,
				DD52A62524E19EF000A9A1FC /* AppDelegate.swift in Sources */,
				DD52A64C24E1A00200A9A1FC /* DashboardViewModel.swift in Sources */,
				DD7AF2B224EDC9C60051CD16 /* AddItemsToChecklistView.swift in Sources */,
				DD52A65424E1A35400A9A1FC /* ViewModelAssembly.swift in Sources */,
				DD52A62724E19EF000A9A1FC /* SceneDelegate.swift in Sources */,
				DD7AF2B424EDCED90051CD16 /* UIApplication+Extension.swift in Sources */,
				DD52A65C24E1BCE400A9A1FC /* ChecklistDataSource.swift in Sources */,
				DD2BD1AF24E96A60004B2060 /* Array+Extension.swift in Sources */,
				DD7AF2AB24EDB5D00051CD16 /* TypeAliases.swift in Sources */,
				DD52A65924E1BC0800A9A1FC /* ChecklistItemDataModel.swift in Sources */,
				DD90241B24FB7F9D0084CDDC /* MockTemplateDataSource.swift in Sources */,
				DD727A4924F271E1004089B6 /* SettingsView.swift in Sources */,
				DD2BD1AA24E937B0004B2060 /* ChecklistItemView.swift in Sources */,
				DD52A65224E1A20800A9A1FC /* AppContext.swift in Sources */,
				DD2BD1AC24E937C2004B2060 /* ChecklistItemViewModel.swift in Sources */,
				DD727A5024F272D7004089B6 /* DashboardActionSheet.swift in Sources */,
				DD90241124FB79F30084CDDC /* SettingsNavigation.swift in Sources */,
				DD90241524FB7A6F0084CDDC /* MyTemplatesViewModel.swift in Sources */,
				DD2BD1A424E6F82C004B2060 /* ChecklistView.swift in Sources */,
				DD52A66424E1C34100A9A1FC /* DataSourceAssembly.swift in Sources */,
				DD727A4D24F2722A004089B6 /* SettingsViewModel.swift in Sources */,
				DD7AF2AE24EDB7280051CD16 /* NameYourChecklistView.swift in Sources */,
				DD727A5224F27300004089B6 /* DashboardNavigation.swift in Sources */,
				DD7AF2B024EDB8110051CD16 /* CreateChecklistView.swift in Sources */,
				DD52A62A24E19EF000A9A1FC /* checklist.xcdatamodeld in Sources */,
				DD90241924FB7DCD0084CDDC /* TemplateDataModel.swift in Sources */,
				DD727A5424F2730F004089B6 /* DashboardAlert.swift in Sources */,
				DD7AF2A924EDB4160051CD16 /* CreateChecklistViewModel.swift in Sources */,
			);
			runOnlyForDeploymentPostprocessing = 0;
		};
		DD52A63624E19EF100A9A1FC /* Sources */ = {
			isa = PBXSourcesBuildPhase;
			buildActionMask = 2147483647;
			files = (
				DD52A63F24E19EF100A9A1FC /* checklistTests.swift in Sources */,
			);
			runOnlyForDeploymentPostprocessing = 0;
		};
/* End PBXSourcesBuildPhase section */

/* Begin PBXTargetDependency section */
		DD52A63C24E19EF100A9A1FC /* PBXTargetDependency */ = {
			isa = PBXTargetDependency;
			target = DD52A62024E19EF000A9A1FC /* checklist */;
			targetProxy = DD52A63B24E19EF100A9A1FC /* PBXContainerItemProxy */;
		};
/* End PBXTargetDependency section */

/* Begin PBXVariantGroup section */
		DD52A63224E19EF100A9A1FC /* LaunchScreen.storyboard */ = {
			isa = PBXVariantGroup;
			children = (
				DD52A63324E19EF100A9A1FC /* Base */,
			);
			name = LaunchScreen.storyboard;
			sourceTree = "<group>";
		};
/* End PBXVariantGroup section */

/* Begin XCBuildConfiguration section */
		DD52A64124E19EF100A9A1FC /* Debug */ = {
			isa = XCBuildConfiguration;
			buildSettings = {
				ALWAYS_SEARCH_USER_PATHS = NO;
				CLANG_ANALYZER_NONNULL = YES;
				CLANG_ANALYZER_NUMBER_OBJECT_CONVERSION = YES_AGGRESSIVE;
				CLANG_CXX_LANGUAGE_STANDARD = "gnu++14";
				CLANG_CXX_LIBRARY = "libc++";
				CLANG_ENABLE_MODULES = YES;
				CLANG_ENABLE_OBJC_ARC = YES;
				CLANG_ENABLE_OBJC_WEAK = YES;
				CLANG_WARN_BLOCK_CAPTURE_AUTORELEASING = YES;
				CLANG_WARN_BOOL_CONVERSION = YES;
				CLANG_WARN_COMMA = YES;
				CLANG_WARN_CONSTANT_CONVERSION = YES;
				CLANG_WARN_DEPRECATED_OBJC_IMPLEMENTATIONS = YES;
				CLANG_WARN_DIRECT_OBJC_ISA_USAGE = YES_ERROR;
				CLANG_WARN_DOCUMENTATION_COMMENTS = YES;
				CLANG_WARN_EMPTY_BODY = YES;
				CLANG_WARN_ENUM_CONVERSION = YES;
				CLANG_WARN_INFINITE_RECURSION = YES;
				CLANG_WARN_INT_CONVERSION = YES;
				CLANG_WARN_NON_LITERAL_NULL_CONVERSION = YES;
				CLANG_WARN_OBJC_IMPLICIT_RETAIN_SELF = YES;
				CLANG_WARN_OBJC_LITERAL_CONVERSION = YES;
				CLANG_WARN_OBJC_ROOT_CLASS = YES_ERROR;
				CLANG_WARN_RANGE_LOOP_ANALYSIS = YES;
				CLANG_WARN_STRICT_PROTOTYPES = YES;
				CLANG_WARN_SUSPICIOUS_MOVE = YES;
				CLANG_WARN_UNGUARDED_AVAILABILITY = YES_AGGRESSIVE;
				CLANG_WARN_UNREACHABLE_CODE = YES;
				CLANG_WARN__DUPLICATE_METHOD_MATCH = YES;
				COPY_PHASE_STRIP = NO;
				DEBUG_INFORMATION_FORMAT = dwarf;
				ENABLE_STRICT_OBJC_MSGSEND = YES;
				ENABLE_TESTABILITY = YES;
				GCC_C_LANGUAGE_STANDARD = gnu11;
				GCC_DYNAMIC_NO_PIC = NO;
				GCC_NO_COMMON_BLOCKS = YES;
				GCC_OPTIMIZATION_LEVEL = 0;
				GCC_PREPROCESSOR_DEFINITIONS = (
					"DEBUG=1",
					"$(inherited)",
				);
				GCC_WARN_64_TO_32_BIT_CONVERSION = YES;
				GCC_WARN_ABOUT_RETURN_TYPE = YES_ERROR;
				GCC_WARN_UNDECLARED_SELECTOR = YES;
				GCC_WARN_UNINITIALIZED_AUTOS = YES_AGGRESSIVE;
				GCC_WARN_UNUSED_FUNCTION = YES;
				GCC_WARN_UNUSED_VARIABLE = YES;
				IPHONEOS_DEPLOYMENT_TARGET = 13.6;
				MTL_ENABLE_DEBUG_INFO = INCLUDE_SOURCE;
				MTL_FAST_MATH = YES;
				ONLY_ACTIVE_ARCH = YES;
				SDKROOT = iphoneos;
				SWIFT_ACTIVE_COMPILATION_CONDITIONS = DEBUG;
				SWIFT_OPTIMIZATION_LEVEL = "-Onone";
			};
			name = Debug;
		};
		DD52A64224E19EF100A9A1FC /* Release */ = {
			isa = XCBuildConfiguration;
			buildSettings = {
				ALWAYS_SEARCH_USER_PATHS = NO;
				CLANG_ANALYZER_NONNULL = YES;
				CLANG_ANALYZER_NUMBER_OBJECT_CONVERSION = YES_AGGRESSIVE;
				CLANG_CXX_LANGUAGE_STANDARD = "gnu++14";
				CLANG_CXX_LIBRARY = "libc++";
				CLANG_ENABLE_MODULES = YES;
				CLANG_ENABLE_OBJC_ARC = YES;
				CLANG_ENABLE_OBJC_WEAK = YES;
				CLANG_WARN_BLOCK_CAPTURE_AUTORELEASING = YES;
				CLANG_WARN_BOOL_CONVERSION = YES;
				CLANG_WARN_COMMA = YES;
				CLANG_WARN_CONSTANT_CONVERSION = YES;
				CLANG_WARN_DEPRECATED_OBJC_IMPLEMENTATIONS = YES;
				CLANG_WARN_DIRECT_OBJC_ISA_USAGE = YES_ERROR;
				CLANG_WARN_DOCUMENTATION_COMMENTS = YES;
				CLANG_WARN_EMPTY_BODY = YES;
				CLANG_WARN_ENUM_CONVERSION = YES;
				CLANG_WARN_INFINITE_RECURSION = YES;
				CLANG_WARN_INT_CONVERSION = YES;
				CLANG_WARN_NON_LITERAL_NULL_CONVERSION = YES;
				CLANG_WARN_OBJC_IMPLICIT_RETAIN_SELF = YES;
				CLANG_WARN_OBJC_LITERAL_CONVERSION = YES;
				CLANG_WARN_OBJC_ROOT_CLASS = YES_ERROR;
				CLANG_WARN_RANGE_LOOP_ANALYSIS = YES;
				CLANG_WARN_STRICT_PROTOTYPES = YES;
				CLANG_WARN_SUSPICIOUS_MOVE = YES;
				CLANG_WARN_UNGUARDED_AVAILABILITY = YES_AGGRESSIVE;
				CLANG_WARN_UNREACHABLE_CODE = YES;
				CLANG_WARN__DUPLICATE_METHOD_MATCH = YES;
				COPY_PHASE_STRIP = NO;
				DEBUG_INFORMATION_FORMAT = "dwarf-with-dsym";
				ENABLE_NS_ASSERTIONS = NO;
				ENABLE_STRICT_OBJC_MSGSEND = YES;
				GCC_C_LANGUAGE_STANDARD = gnu11;
				GCC_NO_COMMON_BLOCKS = YES;
				GCC_WARN_64_TO_32_BIT_CONVERSION = YES;
				GCC_WARN_ABOUT_RETURN_TYPE = YES_ERROR;
				GCC_WARN_UNDECLARED_SELECTOR = YES;
				GCC_WARN_UNINITIALIZED_AUTOS = YES_AGGRESSIVE;
				GCC_WARN_UNUSED_FUNCTION = YES;
				GCC_WARN_UNUSED_VARIABLE = YES;
				IPHONEOS_DEPLOYMENT_TARGET = 13.6;
				MTL_ENABLE_DEBUG_INFO = NO;
				MTL_FAST_MATH = YES;
				SDKROOT = iphoneos;
				SWIFT_COMPILATION_MODE = wholemodule;
				SWIFT_OPTIMIZATION_LEVEL = "-O";
				VALIDATE_PRODUCT = YES;
			};
			name = Release;
		};
		DD52A64424E19EF100A9A1FC /* Debug */ = {
			isa = XCBuildConfiguration;
			buildSettings = {
				ASSETCATALOG_COMPILER_APPICON_NAME = AppIcon;
				CODE_SIGN_STYLE = Automatic;
				DEVELOPMENT_ASSET_PATHS = "\"checklist/Preview Content\"";
				DEVELOPMENT_TEAM = N3HE852DA3;
				ENABLE_PREVIEWS = YES;
				INFOPLIST_FILE = checklist/Info.plist;
				LD_RUNPATH_SEARCH_PATHS = (
					"$(inherited)",
					"@executable_path/Frameworks",
				);
				PRODUCT_BUNDLE_IDENTIFIER = com.robertkonczi.checklist.checklist;
				PRODUCT_NAME = "$(TARGET_NAME)";
				SWIFT_VERSION = 5.0;
				TARGETED_DEVICE_FAMILY = "1,2";
			};
			name = Debug;
		};
		DD52A64524E19EF100A9A1FC /* Release */ = {
			isa = XCBuildConfiguration;
			buildSettings = {
				ASSETCATALOG_COMPILER_APPICON_NAME = AppIcon;
				CODE_SIGN_STYLE = Automatic;
				DEVELOPMENT_ASSET_PATHS = "\"checklist/Preview Content\"";
				DEVELOPMENT_TEAM = N3HE852DA3;
				ENABLE_PREVIEWS = YES;
				INFOPLIST_FILE = checklist/Info.plist;
				LD_RUNPATH_SEARCH_PATHS = (
					"$(inherited)",
					"@executable_path/Frameworks",
				);
				PRODUCT_BUNDLE_IDENTIFIER = com.robertkonczi.checklist.checklist;
				PRODUCT_NAME = "$(TARGET_NAME)";
				SWIFT_VERSION = 5.0;
				TARGETED_DEVICE_FAMILY = "1,2";
			};
			name = Release;
		};
		DD52A64724E19EF100A9A1FC /* Debug */ = {
			isa = XCBuildConfiguration;
			buildSettings = {
				ALWAYS_EMBED_SWIFT_STANDARD_LIBRARIES = YES;
				BUNDLE_LOADER = "$(TEST_HOST)";
				CODE_SIGN_STYLE = Automatic;
				DEVELOPMENT_TEAM = N3HE852DA3;
				INFOPLIST_FILE = checklistTests/Info.plist;
				IPHONEOS_DEPLOYMENT_TARGET = 13.6;
				LD_RUNPATH_SEARCH_PATHS = (
					"$(inherited)",
					"@executable_path/Frameworks",
					"@loader_path/Frameworks",
				);
				PRODUCT_BUNDLE_IDENTIFIER = com.robertkonczi.checklist.checklistTests;
				PRODUCT_NAME = "$(TARGET_NAME)";
				SWIFT_VERSION = 5.0;
				TARGETED_DEVICE_FAMILY = "1,2";
				TEST_HOST = "$(BUILT_PRODUCTS_DIR)/checklist.app/checklist";
			};
			name = Debug;
		};
		DD52A64824E19EF100A9A1FC /* Release */ = {
			isa = XCBuildConfiguration;
			buildSettings = {
				ALWAYS_EMBED_SWIFT_STANDARD_LIBRARIES = YES;
				BUNDLE_LOADER = "$(TEST_HOST)";
				CODE_SIGN_STYLE = Automatic;
				DEVELOPMENT_TEAM = N3HE852DA3;
				INFOPLIST_FILE = checklistTests/Info.plist;
				IPHONEOS_DEPLOYMENT_TARGET = 13.6;
				LD_RUNPATH_SEARCH_PATHS = (
					"$(inherited)",
					"@executable_path/Frameworks",
					"@loader_path/Frameworks",
				);
				PRODUCT_BUNDLE_IDENTIFIER = com.robertkonczi.checklist.checklistTests;
				PRODUCT_NAME = "$(TARGET_NAME)";
				SWIFT_VERSION = 5.0;
				TARGETED_DEVICE_FAMILY = "1,2";
				TEST_HOST = "$(BUILT_PRODUCTS_DIR)/checklist.app/checklist";
			};
			name = Release;
		};
/* End XCBuildConfiguration section */

/* Begin XCConfigurationList section */
		DD52A61C24E19EF000A9A1FC /* Build configuration list for PBXProject "checklist" */ = {
			isa = XCConfigurationList;
			buildConfigurations = (
				DD52A64124E19EF100A9A1FC /* Debug */,
				DD52A64224E19EF100A9A1FC /* Release */,
			);
			defaultConfigurationIsVisible = 0;
			defaultConfigurationName = Release;
		};
		DD52A64324E19EF100A9A1FC /* Build configuration list for PBXNativeTarget "checklist" */ = {
			isa = XCConfigurationList;
			buildConfigurations = (
				DD52A64424E19EF100A9A1FC /* Debug */,
				DD52A64524E19EF100A9A1FC /* Release */,
			);
			defaultConfigurationIsVisible = 0;
			defaultConfigurationName = Release;
		};
		DD52A64624E19EF100A9A1FC /* Build configuration list for PBXNativeTarget "checklistTests" */ = {
			isa = XCConfigurationList;
			buildConfigurations = (
				DD52A64724E19EF100A9A1FC /* Debug */,
				DD52A64824E19EF100A9A1FC /* Release */,
			);
			defaultConfigurationIsVisible = 0;
			defaultConfigurationName = Release;
		};
/* End XCConfigurationList section */

/* Begin XCRemoteSwiftPackageReference section */
		DD52A64D24E1A1CD00A9A1FC /* XCRemoteSwiftPackageReference "SwinjectAutoregistration" */ = {
			isa = XCRemoteSwiftPackageReference;
			repositoryURL = "https://github.com/Swinject/SwinjectAutoregistration";
			requirement = {
				kind = upToNextMajorVersion;
				minimumVersion = 2.7.0;
			};
		};
/* End XCRemoteSwiftPackageReference section */

/* Begin XCSwiftPackageProductDependency section */
		DD52A64E24E1A1CD00A9A1FC /* SwinjectAutoregistration */ = {
			isa = XCSwiftPackageProductDependency;
			package = DD52A64D24E1A1CD00A9A1FC /* XCRemoteSwiftPackageReference "SwinjectAutoregistration" */;
			productName = SwinjectAutoregistration;
		};
/* End XCSwiftPackageProductDependency section */

/* Begin XCVersionGroup section */
		DD52A62824E19EF000A9A1FC /* checklist.xcdatamodeld */ = {
			isa = XCVersionGroup;
			children = (
				DD52A62924E19EF000A9A1FC /* checklist.xcdatamodel */,
			);
			currentVersion = DD52A62924E19EF000A9A1FC /* checklist.xcdatamodel */;
			path = checklist.xcdatamodeld;
			sourceTree = "<group>";
			versionGroupType = wrapper.xcdatamodel;
		};
/* End XCVersionGroup section */
	};
	rootObject = DD52A61924E19EF000A9A1FC /* Project object */;
}
